github.com/go-zeromq/goczmq/v4 v4.2.2 h1:HAJN+i+3NW55ijMJJhk7oWxHKXgAuSBkoFfvr8bYj4U=
github.com/go-zeromq/goczmq/v4 v4.2.2/go.mod h1:Sm/lxrfxP/Oxqs0tnHD6WAhwkWrx+S+1MRrKzcxoaYE=
github.com/go-zeromq/zmq4 v0.17.0 h1:r12/XdqPeRbuaF4C3QZJeWCt7a5vpJbslDH1rTXF+Kc=
github.com/go-zeromq/zmq4 v0.17.0/go.mod h1:EQxjJD92qKnrsVMzAnx62giD6uJIPi1dMGZ781iCDtY=
github.com/google/go-cmp v0.7.0 h1:wk8382ETsv4JYUZwIsn6YpYiWiBsYLSJiTsyBybVuN8=
github.com/google/go-cmp v0.7.0/go.mod h1:pXiqmnSA92OHEEa9HXL2W4E7lf9JzCmGVUdgjX3N/iU=
github.com/lduseja9/zmq-fifo-buffer/common v0.0.0-20260520202301-7ab0fa51c96d h1:UBwD019doRJzhnkaacGwzr11xL7Gf13YbxpMoGDb/4w=
github.com/lduseja9/zmq-fifo-buffer/common v0.0.0-20260520202301-7ab0fa51c96d/go.mod h1:7stJ1F6AgNVpQK5J1b6VJyjZfIyzLYTllK7rQ3IrDoI=
golang.org/x/sync v0.7.0 h1:YsImfSBoP9QPYL0xyKJPq0gcaJdG3rInoqxTWbfQu9M=
golang.org/x/sync v0.7.0/go.mod h1:Czt+wKu1gCyEFDUtn0jG5QVvpJ6rzVqr5aXyt9drQfk=
golang.org/x/text v0.15.0 h1:h1V/4gjBv8v9cjcR6+AR5+/cIYK5N/WAgiv4xlsEtAk=
golang.org/x/text v0.15.0/go.mod h1:18ZOQIKpY8NJVqYksKHtTdi31H5itFRjB5/qKTNYzSU=
google.golang.org/protobuf v1.36.11 h1:fV6ZwhNocDyBLK0dj+fg8ektcVegBBuEolpbTQyBNVE=
google.golang.org/protobuf v1.36.11/go.mod h1:HTf+CrKn2C3g5S8VImy6tdcUvCska2kB7j23XfzDpco=
